
Microsoft Visual Studio Solution File, Format Version 12.00
# Visual Studio Version 17
VisualStudioVersion = 17.12.35521.163 d17.12
MinimumVisualStudioVersion = 10.0.40219.1
Project("{FAE04EC0-301F-11D3-BF4B-00C04F79EFBC}") = "BookingApp.Data", "BookingApp.Data\BookingApp.Data.csproj", "{05505661-883C-4762-9FF7-81A6827C0E89}"
EndProject
Project("{FAE04EC0-301F-11D3-BF4B-00C04F79EFBC}") = "BookingApp.DataBusiness", "BookingApp.DataBusiness\BookingApp.DataBusiness.csproj", "{D54C0F91-9F23-4467-8BEF-A452D0BD30BB}"
EndProject
Project("{FAE04EC0-301F-11D3-BF4B-00C04F79EFBC}") = "BookingApp.WebApi", "BookingApp.WebApi\BookingApp.WebApi.csproj", "{8543A7A5-601C-456A-8B8E-47C20651B6DD}"
EndProject
Global
	GlobalSection(SolutionConfigurationPlatforms) = preSolution
		Debug|Any CPU = Debug|Any CPU
		Release|Any CPU = Release|Any CPU
	EndGlobalSection
	GlobalSection(ProjectConfigurationPlatforms) = postSolution
		{05505661-883C-4762-9FF7-81A6827C0E89}.Debug|Any CPU.ActiveCfg = Debug|Any CPU
		{05505661-883C-4762-9FF7-81A6827C0E89}.Debug|Any CPU.Build.0 = Debug|Any CPU
		{05505661-883C-4762-9FF7-81A6827C0E89}.Release|Any CPU.ActiveCfg = Release|Any CPU
		{05505661-883C-4762-9FF7-81A6827C0E89}.Release|Any CPU.Build.0 = Release|Any CPU
		{D54C0F91-9F23-4467-8BEF-A452D0BD30BB}.Debug|Any CPU.ActiveCfg = Debug|Any CPU
		{D54C0F91-9F23-4467-8BEF-A452D0BD30BB}.Debug|Any CPU.Build.0 = Debug|Any CPU
		{D54C0F91-9F23-4467-8BEF-A452D0BD30BB}.Release|Any CPU.ActiveCfg = Release|Any CPU
		{D54C0F91-9F23-4467-8BEF-A452D0BD30BB}.Release|Any CPU.Build.0 = Release|Any CPU
		{8543A7A5-601C-456A-8B8E-47C20651B6DD}.Debug|Any CPU.ActiveCfg = Debug|Any CPU
		{8543A7A5-601C-456A-8B8E-47C20651B6DD}.Debug|Any CPU.Build.0 = Debug|Any CPU
		{8543A7A5-601C-456A-8B8E-47C20651B6DD}.Release|Any CPU.ActiveCfg = Release|Any CPU
		{8543A7A5-601C-456A-8B8E-47C20651B6DD}.Release|Any CPU.Build.0 = Release|Any CPU
	EndGlobalSection
	GlobalSection(SolutionProperties) = preSolution
		HideSolutionNode = FALSE
	EndGlobalSection
EndGlobal
